PODS:
  - InputMask (4.1.1)
  - NuSignUp (1.0.3)

DEPENDENCIES:
  - InputMask (~> 4.1.1)
  - NuSignUp (from `../`)

SPEC REPOS:
  https://github.com/cocoapods/specs.git:
    - InputMask

EXTERNAL SOURCES:
  NuSignUp:
    :path: "../"

SPEC CHECKSUMS:
  InputMask: 88c7c1432816333e884e647f8c2d69485ba525d1
  NuSignUp: d7eb7d624e7c1610200b1ad87d3b64de21b18af0

PODFILE CHECKSUM: 2b8abf38244d8ccbf15be6a30e602bbfbf026e48

COCOAPODS: 1.6.1
