// !$*UTF8*$!
{
	archiveVersion = 1;
	classes = {
	};
	objectVersion = 46;
	objects = {

/* Begin PBXBuildFile section */
		3EBA3C8816B119D4A9CFB8D6 /* Pods_NuSignUp_Example.framework in Frameworks */ = {isa = PBXBuildFile; fileRef = 76AFEB35C2B7A56EF8CA91EF /* Pods_NuSignUp_Example.framework */; };
		607FACDD1AFB9204008FA782 /* Images.xcassets in Resources */ = {isa = PBXBuildFile; fileRef = 607FACDC1AFB9204008FA782 /* Images.xcassets */; };
		607FACE01AFB9204008FA782 /* LaunchScreen.xib in Resources */ = {isa = PBXBuildFile; fileRef = 607FACDE1AFB9204008FA782 /* LaunchScreen.xib */; };
		607FACEC1AFB9204008FA782 /* Tests.swift in Sources */ = {isa = PBXBuildFile; fileRef = 607FACEB1AFB9204008FA782 /* Tests.swift */; };
		660365364AA3A255930FAF58 /* Pods_NuSignUp_Tests.framework in Frameworks */ = {isa = PBXBuildFile; fileRef = 3C3CC985B907A99BFEB25001 /* Pods_NuSignUp_Tests.framework */; };
		88DE6BC41DF763FD004CEA04 /* Main.storyboard in Resources */ = {isa = PBXBuildFile; fileRef = 88DE6BC31DF763FD004CEA04 /* Main.storyboard */; };
		88F30FA61DF7548A00B92043 /* AppDelegate.swift in Sources */ = {isa = PBXBuildFile; fileRef = 88F30FA31DF7548A00B92043 /* AppDelegate.swift */; };
		EE379DBE20BEBE6400E1422E /* SignUpEmailSVC.swift in Sources */ = {isa = PBXBuildFile; fileRef = EE379DBD20BEBE6400E1422E /* SignUpEmailSVC.swift */; };
		EE379DC420BEBEA800E1422E /* SignUpCodeSVC.swift in Sources */ = {isa = PBXBuildFile; fileRef = EE379DC320BEBEA800E1422E /* SignUpCodeSVC.swift */; };
		EE379DEC20BEBFDF00E1422E /* SignUpPasswordSVC.swift in Sources */ = {isa = PBXBuildFile; fileRef = EE379DEA20BEBFDE00E1422E /* SignUpPasswordSVC.swift */; };
		EE379DED20BEBFDF00E1422E /* SignUpPhoneNumberSVC.swift in Sources */ = {isa = PBXBuildFile; fileRef = EE379DEB20BEBFDE00E1422E /* SignUpPhoneNumberSVC.swift */; };
		EE379DF020BEC05500E1422E /* JLProgressView.swift in Sources */ = {isa = PBXBuildFile; fileRef = EE379DEF20BEC05500E1422E /* JLProgressView.swift */; };
		EE379DF220BEC0AE00E1422E /* SignUpCheckDataStepVC.swift in Sources */ = {isa = PBXBuildFile; fileRef = EE379DF120BEC0AD00E1422E /* SignUpCheckDataStepVC.swift */; };
		EE379DF420BEC0B200E1422E /* ExampleSignUpCheckDataStepC.swift in Sources */ = {isa = PBXBuildFile; fileRef = EE379DF320BEC0B200E1422E /* ExampleSignUpCheckDataStepC.swift */; };
		EE379DF620BEC41C00E1422E /* UIAlertControllerShortcuts.swift in Sources */ = {isa = PBXBuildFile; fileRef = EE379DF520BEC41C00E1422E /* UIAlertControllerShortcuts.swift */; };
		EE379DF820BEC83300E1422E /* LocalNotification.swift in Sources */ = {isa = PBXBuildFile; fileRef = EE379DF720BEC83300E1422E /* LocalNotification.swift */; };
		EE379DFA20BEDBB500E1422E /* SignUpNavController.swift in Sources */ = {isa = PBXBuildFile; fileRef = EE379DF920BEDBB400E1422E /* SignUpNavController.swift */; };
		EE379DFC20BEE3E900E1422E /* FinishViewController.swift in Sources */ = {isa = PBXBuildFile; fileRef = EE379DFB20BEE3E900E1422E /* FinishViewController.swift */; };
		EE379E0120BEF59500E1422E /* ExampleSignUpDelegate.swift in Sources */ = {isa = PBXBuildFile; fileRef = EE379E0020BEF59500E1422E /* ExampleSignUpDelegate.swift */; };
		EE379E0320BEF66600E1422E /* StartViewController.swift in Sources */ = {isa = PBXBuildFile; fileRef = EE379E0220BEF66600E1422E /* StartViewController.swift */; };
		EE379E0520BF0D8400E1422E /* FirstStepSVC.swift in Sources */ = {isa = PBXBuildFile; fileRef = EE379E0420BF0D8400E1422E /* FirstStepSVC.swift */; };
/* End PBXBuildFile section */

/* Begin PBXContainerItemProxy section */
		607FACE61AFB9204008FA782 /* PBXContainerItemProxy */ = {
			isa = PBXContainerItemProxy;
			containerPortal = 607FACC81AFB9204008FA782 /* Project object */;
			proxyType = 1;
			remoteGlobalIDString = 607FACCF1AFB9204008FA782;
			remoteInfo = NuSignUp;
		};
/* End PBXContainerItemProxy section */

/* Begin PBXFileReference section */
		190363530CA2F033AF1FB797 /* Pods-NuSignUp_Example.debug.xcconfig */ = {isa = PBXFileReference; includeInIndex = 1; lastKnownFileType = text.xcconfig; name = "Pods-NuSignUp_Example.debug.xcconfig"; path = "Pods/Target Support Files/Pods-NuSignUp_Example/Pods-NuSignUp_Example.debug.xcconfig"; sourceTree = "<group>"; };
		3C3CC985B907A99BFEB25001 /* Pods_NuSignUp_Tests.framework */ = {isa = PBXFileReference; explicitFileType = wrapper.framework; includeInIndex = 0; path = Pods_NuSignUp_Tests.framework; sourceTree = BUILT_PRODUCTS_DIR; };
		5F111E44AB4292A359A11F5D /* README.md */ = {isa = PBXFileReference; includeInIndex = 1; lastKnownFileType = net.daringfireball.markdown; name = README.md; path = ../README.md; sourceTree = "<group>"; };
		607FACD01AFB9204008FA782 /* NuSignUp_Example.app */ = {isa = PBXFileReference; explicitFileType = wrapper.application; includeInIndex = 0; path = NuSignUp_Example.app; sourceTree = BUILT_PRODUCTS_DIR; };
		607FACD41AFB9204008FA782 /* Info.plist */ = {isa = PBXFileReference; lastKnownFileType = text.plist.xml; path = Info.plist; sourceTree = "<group>"; };
		607FACDC1AFB9204008FA782 /* Images.xcassets */ = {isa = PBXFileReference; lastKnownFileType = folder.assetcatalog; path = Images.xcassets; sourceTree = "<group>"; };
		607FACDF1AFB9204008FA782 /* Base */ = {isa = PBXFileReference; lastKnownFileType = file.xib; name = Base; path = Base.lproj/LaunchScreen.xib; sourceTree = "<group>"; };
		607FACE51AFB9204008FA782 /* NuSignUp_Tests.xctest */ = {isa = PBXFileReference; explicitFileType = wrapper.cfbundle; includeInIndex = 0; path = NuSignUp_Tests.xctest; sourceTree = BUILT_PRODUCTS_DIR; };
		607FACEA1AFB9204008FA782 /* Info.plist */ = {isa = PBXFileReference; lastKnownFileType = text.plist.xml; path = Info.plist; sourceTree = "<group>"; };
		607FACEB1AFB9204008FA782 /* Tests.swift */ = {isa = PBXFileReference; lastKnownFileType = sourcecode.swift; path = Tests.swift; sourceTree = "<group>"; };
		728E17BDFDDFFD7E06A74E29 /* NuSignUp.podspec */ = {isa = PBXFileReference; includeInIndex = 1; lastKnownFileType = text; name = NuSignUp.podspec; path = ../NuSignUp.podspec; sourceTree = "<group>"; xcLanguageSpecificationIdentifier = xcode.lang.ruby; };
		76AFEB35C2B7A56EF8CA91EF /* Pods_NuSignUp_Example.framework */ = {isa = PBXFileReference; explicitFileType = wrapper.framework; includeInIndex = 0; path = Pods_NuSignUp_Example.framework; sourceTree = BUILT_PRODUCTS_DIR; };
		88DE6BC31DF763FD004CEA04 /* Main.storyboard */ = {isa = PBXFileReference; fileEncoding = 4; lastKnownFileType = file.storyboard; path = Main.storyboard; sourceTree = "<group>"; };
		88F30FA31DF7548A00B92043 /* AppDelegate.swift */ = {isa = PBXFileReference; fileEncoding = 4; lastKnownFileType = sourcecode.swift; path = AppDelegate.swift; sourceTree = "<group>"; };
		A17B4F5CBF510EED323735F0 /* Pods-NuSignUp_Tests.release.xcconfig */ = {isa = PBXFileReference; includeInIndex = 1; lastKnownFileType = text.xcconfig; name = "Pods-NuSignUp_Tests.release.xcconfig"; path = "Pods/Target Support Files/Pods-NuSignUp_Tests/Pods-NuSignUp_Tests.release.xcconfig"; sourceTree = "<group>"; };
		A68F6441789F00DCDBE4D01E /* Pods-NuSignUp_Example.release.xcconfig */ = {isa = PBXFileReference; includeInIndex = 1; lastKnownFileType = text.xcconfig; name = "Pods-NuSignUp_Example.release.xcconfig"; path = "Pods/Target Support Files/Pods-NuSignUp_Example/Pods-NuSignUp_Example.release.xcconfig"; sourceTree = "<group>"; };
		B8F1595FEE4166F872F70FBD /* LICENSE */ = {isa = PBXFileReference; includeInIndex = 1; lastKnownFileType = text; name = LICENSE; path = ../LICENSE; sourceTree = "<group>"; };
		BAA762EAF151084249000722 /* Pods-NuSignUp_Tests.debug.xcconfig */ = {isa = PBXFileReference; includeInIndex = 1; lastKnownFileType = text.xcconfig; name = "Pods-NuSignUp_Tests.debug.xcconfig"; path = "Pods/Target Support Files/Pods-NuSignUp_Tests/Pods-NuSignUp_Tests.debug.xcconfig"; sourceTree = "<group>"; };
		EE379DBD20BEBE6400E1422E /* SignUpEmailSVC.swift */ = {isa = PBXFileReference; fileEncoding = 4; lastKnownFileType = sourcecode.swift; path = SignUpEmailSVC.swift; sourceTree = "<group>"; };
		EE379DC320BEBEA800E1422E /* SignUpCodeSVC.swift */ = {isa = PBXFileReference; fileEncoding = 4; lastKnownFileType = sourcecode.swift; path = SignUpCodeSVC.swift; sourceTree = "<group>"; };
		EE379DEA20BEBFDE00E1422E /* SignUpPasswordSVC.swift */ = {isa = PBXFileReference; fileEncoding = 4; lastKnownFileType = sourcecode.swift; path = SignUpPasswordSVC.swift; sourceTree = "<group>"; };
		EE379DEB20BEBFDE00E1422E /* SignUpPhoneNumberSVC.swift */ = {isa = PBXFileReference; fileEncoding = 4; lastKnownFileType = sourcecode.swift; path = SignUpPhoneNumberSVC.swift; sourceTree = "<group>"; };
		EE379DEF20BEC05500E1422E /* JLProgressView.swift */ = {isa = PBXFileReference; fileEncoding = 4; lastKnownFileType = sourcecode.swift; path = JLProgressView.swift; sourceTree = "<group>"; };
		EE379DF120BEC0AD00E1422E /* SignUpCheckDataStepVC.swift */ = {isa = PBXFileReference; fileEncoding = 4; lastKnownFileType = sourcecode.swift; path = SignUpCheckDataStepVC.swift; sourceTree = "<group>"; };
		EE379DF320BEC0B200E1422E /* ExampleSignUpCheckDataStepC.swift */ = {isa = PBXFileReference; fileEncoding = 4; lastKnownFileType = sourcecode.swift; path = ExampleSignUpCheckDataStepC.swift; sourceTree = "<group>"; };
		EE379DF520BEC41C00E1422E /* UIAlertControllerShortcuts.swift */ = {isa = PBXFileReference; lastKnownFileType = sourcecode.swift; path = UIAlertControllerShortcuts.swift; sourceTree = "<group>"; };
		EE379DF720BEC83300E1422E /* LocalNotification.swift */ = {isa = PBXFileReference; lastKnownFileType = sourcecode.swift; path = LocalNotification.swift; sourceTree = "<group>"; };
		EE379DF920BEDBB400E1422E /* SignUpNavController.swift */ = {isa = PBXFileReference; lastKnownFileType = sourcecode.swift; path = SignUpNavController.swift; sourceTree = "<group>"; };
		EE379DFB20BEE3E900E1422E /* FinishViewController.swift */ = {isa = PBXFileReference; lastKnownFileType = sourcecode.swift; path = FinishViewController.swift; sourceTree = "<group>"; };
		EE379E0020BEF59500E1422E /* ExampleSignUpDelegate.swift */ = {isa = PBXFileReference; lastKnownFileType = sourcecode.swift; path = ExampleSignUpDelegate.swift; sourceTree = "<group>"; };
		EE379E0220BEF66600E1422E /* StartViewController.swift */ = {isa = PBXFileReference; lastKnownFileType = sourcecode.swift; path = StartViewController.swift; sourceTree = "<group>"; };
		EE379E0420BF0D8400E1422E /* FirstStepSVC.swift */ = {isa = PBXFileReference; lastKnownFileType = sourcecode.swift; path = FirstStepSVC.swift; sourceTree = "<group>"; };
/* End PBXFileReference section */

/* Begin PBXFrameworksBuildPhase section */
		607FACCD1AFB9204008FA782 /* Frameworks */ = {
			isa = PBXFrameworksBuildPhase;
			buildActionMask = 2147483647;
			files = (
				3EBA3C8816B119D4A9CFB8D6 /* Pods_NuSignUp_Example.framework in Frameworks */,
			);
			runOnlyForDeploymentPostprocessing = 0;
		};
		607FACE21AFB9204008FA782 /* Frameworks */ = {
			isa = PBXFrameworksBuildPhase;
			buildActionMask = 2147483647;
			files = (
				660365364AA3A255930FAF58 /* Pods_NuSignUp_Tests.framework in Frameworks */,
			);
			runOnlyForDeploymentPostprocessing = 0;
		};
/* End PBXFrameworksBuildPhase section */

/* Begin PBXGroup section */
		25B934C6D8DB505D00DB1448 /* Pods */ = {
			isa = PBXGroup;
			children = (
				190363530CA2F033AF1FB797 /* Pods-NuSignUp_Example.debug.xcconfig */,
				A68F6441789F00DCDBE4D01E /* Pods-NuSignUp_Example.release.xcconfig */,
				BAA762EAF151084249000722 /* Pods-NuSignUp_Tests.debug.xcconfig */,
				A17B4F5CBF510EED323735F0 /* Pods-NuSignUp_Tests.release.xcconfig */,
			);
			name = Pods;
			sourceTree = "<group>";
		};
		528B7C28F2BB5133E702F80C /* Frameworks */ = {
			isa = PBXGroup;
			children = (
				76AFEB35C2B7A56EF8CA91EF /* Pods_NuSignUp_Example.framework */,
				3C3CC985B907A99BFEB25001 /* Pods_NuSignUp_Tests.framework */,
			);
			name = Frameworks;
			sourceTree = "<group>";
		};
		607FACC71AFB9204008FA782 = {
			isa = PBXGroup;
			children = (
				607FACF51AFB993E008FA782 /* Podspec Metadata */,
				607FACD21AFB9204008FA782 /* Example for NuSignUp */,
				607FACE81AFB9204008FA782 /* Tests */,
				607FACD11AFB9204008FA782 /* Products */,
				25B934C6D8DB505D00DB1448 /* Pods */,
				528B7C28F2BB5133E702F80C /* Frameworks */,
			);
			sourceTree = "<group>";
		};
		607FACD11AFB9204008FA782 /* Products */ = {
			isa = PBXGroup;
			children = (
				607FACD01AFB9204008FA782 /* NuSignUp_Example.app */,
				607FACE51AFB9204008FA782 /* NuSignUp_Tests.xctest */,
			);
			name = Products;
			sourceTree = "<group>";
		};
		607FACD21AFB9204008FA782 /* Example for NuSignUp */ = {
			isa = PBXGroup;
			children = (
				EE379E0220BEF66600E1422E /* StartViewController.swift */,
				EE379DFB20BEE3E900E1422E /* FinishViewController.swift */,
				EE379DEE20BEC04B00E1422E /* Helpers */,
				EE379DBC20BEBE0A00E1422E /* Controllers */,
				88DE6BC31DF763FD004CEA04 /* Main.storyboard */,
				607FACDE1AFB9204008FA782 /* LaunchScreen.xib */,
				607FACD31AFB9204008FA782 /* Supporting Files */,
			);
			name = "Example for NuSignUp";
			path = NuSignUp;
			sourceTree = "<group>";
		};
		607FACD31AFB9204008FA782 /* Supporting Files */ = {
			isa = PBXGroup;
			children = (
				88F30FA31DF7548A00B92043 /* AppDelegate.swift */,
				607FACDC1AFB9204008FA782 /* Images.xcassets */,
				607FACD41AFB9204008FA782 /* Info.plist */,
			);
			name = "Supporting Files";
			sourceTree = "<group>";
		};
		607FACE81AFB9204008FA782 /* Tests */ = {
			isa = PBXGroup;
			children = (
				607FACEB1AFB9204008FA782 /* Tests.swift */,
				607FACE91AFB9204008FA782 /* Supporting Files */,
			);
			path = Tests;
			sourceTree = "<group>";
		};
		607FACE91AFB9204008FA782 /* Supporting Files */ = {
			isa = PBXGroup;
			children = (
				607FACEA1AFB9204008FA782 /* Info.plist */,
			);
			name = "Supporting Files";
			sourceTree = "<group>";
		};
		607FACF51AFB993E008FA782 /* Podspec Metadata */ = {
			isa = PBXGroup;
			children = (
				728E17BDFDDFFD7E06A74E29 /* NuSignUp.podspec */,
				5F111E44AB4292A359A11F5D /* README.md */,
				B8F1595FEE4166F872F70FBD /* LICENSE */,
			);
			name = "Podspec Metadata";
			sourceTree = "<group>";
		};
		EE379DBC20BEBE0A00E1422E /* Controllers */ = {
			isa = PBXGroup;
			children = (
				EE379DF120BEC0AD00E1422E /* SignUpCheckDataStepVC.swift */,
				EE379DF320BEC0B200E1422E /* ExampleSignUpCheckDataStepC.swift */,
				EE379DEA20BEBFDE00E1422E /* SignUpPasswordSVC.swift */,
				EE379DEB20BEBFDE00E1422E /* SignUpPhoneNumberSVC.swift */,
				EE379DF920BEDBB400E1422E /* SignUpNavController.swift */,
				EE379DC320BEBEA800E1422E /* SignUpCodeSVC.swift */,
				EE379DBD20BEBE6400E1422E /* SignUpEmailSVC.swift */,
				EE379E0420BF0D8400E1422E /* FirstStepSVC.swift */,
			);
			path = Controllers;
			sourceTree = "<group>";
		};
		EE379DEE20BEC04B00E1422E /* Helpers */ = {
			isa = PBXGroup;
			children = (
				EE379DEF20BEC05500E1422E /* JLProgressView.swift */,
				EE379DF520BEC41C00E1422E /* UIAlertControllerShortcuts.swift */,
				EE379DF720BEC83300E1422E /* LocalNotification.swift */,
				EE379E0020BEF59500E1422E /* ExampleSignUpDelegate.swift */,
			);
			path = Helpers;
			sourceTree = "<group>";
		};
/* End PBXGroup section */

/* Begin PBXNativeTarget section */
		607FACCF1AFB9204008FA782 /* NuSignUp_Example */ = {
			isa = PBXNativeTarget;
			buildConfigurationList = 607FACEF1AFB9204008FA782 /* Build configuration list for PBXNativeTarget "NuSignUp_Example" */;
			buildPhases = (
				CAC5C082FCAC1A3C5A96E481 /* [CP] Check Pods Manifest.lock */,
				607FACCC1AFB9204008FA782 /* Sources */,
				607FACCD1AFB9204008FA782 /* Frameworks */,
				607FACCE1AFB9204008FA782 /* Resources */,
				1C8F2FF28575053ACC8D6382 /* [CP] Embed Pods Frameworks */,
			);
			buildRules = (
			);
			dependencies = (
			);
			name = NuSignUp_Example;
			productName = NuSignUp;
			productReference = 607FACD01AFB9204008FA782 /* NuSignUp_Example.app */;
			productType = "com.apple.product-type.application";
		};
		607FACE41AFB9204008FA782 /* NuSignUp_Tests */ = {
			isa = PBXNativeTarget;
			buildConfigurationList = 607FACF21AFB9204008FA782 /* Build configuration list for PBXNativeTarget "NuSignUp_Tests" */;
			buildPhases = (
				F9E0781729A700AB91237003 /* [CP] Check Pods Manifest.lock */,
				607FACE11AFB9204008FA782 /* Sources */,
				607FACE21AFB9204008FA782 /* Frameworks */,
				607FACE31AFB9204008FA782 /* Resources */,
			);
			buildRules = (
			);
			dependencies = (
				607FACE71AFB9204008FA782 /* PBXTargetDependency */,
			);
			name = NuSignUp_Tests;
			productName = Tests;
			productReference = 607FACE51AFB9204008FA782 /* NuSignUp_Tests.xctest */;
			productType = "com.apple.product-type.bundle.unit-test";
		};
/* End PBXNativeTarget section */

/* Begin PBXProject section */
		607FACC81AFB9204008FA782 /* Project object */ = {
			isa = PBXProject;
			attributes = {
				LastSwiftUpdateCheck = 0720;
				LastUpgradeCheck = 0930;
				ORGANIZATIONNAME = CocoaPods;
				TargetAttributes = {
					607FACCF1AFB9204008FA782 = {
						CreatedOnToolsVersion = 6.3.1;
						DevelopmentTeam = 6P538QSTTR;
						LastSwiftMigration = 0930;
					};
					607FACE41AFB9204008FA782 = {
						CreatedOnToolsVersion = 6.3.1;
						DevelopmentTeam = 6P538QSTTR;
						LastSwiftMigration = 0930;
						TestTargetID = 607FACCF1AFB9204008FA782;
					};
				};
			};
			buildConfigurationList = 607FACCB1AFB9204008FA782 /* Build configuration list for PBXProject "NuSignUp" */;
			compatibilityVersion = "Xcode 3.2";
			developmentRegion = English;
			hasScannedForEncodings = 0;
			knownRegions = (
				en,
				Base,
			);
			mainGroup = 607FACC71AFB9204008FA782;
			productRefGroup = 607FACD11AFB9204008FA782 /* Products */;
			projectDirPath = "";
			projectRoot = "";
			targets = (
				607FACCF1AFB9204008FA782 /* NuSignUp_Example */,
				607FACE41AFB9204008FA782 /* NuSignUp_Tests */,
			);
		};
/* End PBXProject section */

/* Begin PBXResourcesBuildPhase section */
		607FACCE1AFB9204008FA782 /* Resources */ = {
			isa = PBXResourcesBuildPhase;
			buildActionMask = 2147483647;
			files = (
				88DE6BC41DF763FD004CEA04 /* Main.storyboard in Resources */,
				607FACE01AFB9204008FA782 /* LaunchScreen.xib in Resources */,
				607FACDD1AFB9204008FA782 /* Images.xcassets in Resources */,
			);
			runOnlyForDeploymentPostprocessing = 0;
		};
		607FACE31AFB9204008FA782 /* Resources */ = {
			isa = PBXResourcesBuildPhase;
			buildActionMask = 2147483647;
			files = (
			);
			runOnlyForDeploymentPostprocessing = 0;
		};
/* End PBXResourcesBuildPhase section */

/* Begin PBXShellScriptBuildPhase section */
		1C8F2FF28575053ACC8D6382 /* [CP] Embed Pods Frameworks */ = {
			isa = PBXShellScriptBuildPhase;
			buildActionMask = 2147483647;
			files = (
			);
			inputPaths = (
				"${SRCROOT}/Pods/Target Support Files/Pods-NuSignUp_Example/Pods-NuSignUp_Example-frameworks.sh",
				"${BUILT_PRODUCTS_DIR}/InputMask/InputMask.framework",
				"${BUILT_PRODUCTS_DIR}/NuSignUp/NuSignUp.framework",
			);
			name = "[CP] Embed Pods Frameworks";
			outputPaths = (
				"${TARGET_BUILD_DIR}/${FRAMEWORKS_FOLDER_PATH}/InputMask.framework",
				"${TARGET_BUILD_DIR}/${FRAMEWORKS_FOLDER_PATH}/NuSignUp.framework",
			);
			runOnlyForDeploymentPostprocessing = 0;
			shellPath = /bin/sh;
			shellScript = "\"${SRCROOT}/Pods/Target Support Files/Pods-NuSignUp_Example/Pods-NuSignUp_Example-frameworks.sh\"\n";
			showEnvVarsInLog = 0;
		};
		CAC5C082FCAC1A3C5A96E481 /* [CP] Check Pods Manifest.lock */ = {
			isa = PBXShellScriptBuildPhase;
			buildActionMask = 2147483647;
			files = (
			);
			inputPaths = (
				"${PODS_PODFILE_DIR_PATH}/Podfile.lock",
				"${PODS_ROOT}/Manifest.lock",
			);
			name = "[CP] Check Pods Manifest.lock";
			outputPaths = (
				"$(DERIVED_FILE_DIR)/Pods-NuSignUp_Example-checkManifestLockResult.txt",
			);
			runOnlyForDeploymentPostprocessing = 0;
			shellPath = /bin/sh;
			shellScript = "diff \"${PODS_PODFILE_DIR_PATH}/Podfile.lock\" \"${PODS_ROOT}/Manifest.lock\" > /dev/null\nif [ $? != 0 ] ; then\n    # print error to STDERR\n    echo \"error: The sandbox is not in sync with the Podfile.lock. Run 'pod install' or update your CocoaPods installation.\" >&2\n    exit 1\nfi\n# This output is used by Xcode 'outputs' to avoid re-running this script phase.\necho \"SUCCESS\" > \"${SCRIPT_OUTPUT_FILE_0}\"\n";
			showEnvVarsInLog = 0;
		};
		F9E0781729A700AB91237003 /* [CP] Check Pods Manifest.lock */ = {
			isa = PBXShellScriptBuildPhase;
			buildActionMask = 2147483647;
			files = (
			);
			inputPaths = (
				"${PODS_PODFILE_DIR_PATH}/Podfile.lock",
				"${PODS_ROOT}/Manifest.lock",
			);
			name = "[CP] Check Pods Manifest.lock";
			outputPaths = (
				"$(DERIVED_FILE_DIR)/Pods-NuSignUp_Tests-checkManifestLockResult.txt",
			);
			runOnlyForDeploymentPostprocessing = 0;
			shellPath = /bin/sh;
			shellScript = "diff \"${PODS_PODFILE_DIR_PATH}/Podfile.lock\" \"${PODS_ROOT}/Manifest.lock\" > /dev/null\nif [ $? != 0 ] ; then\n    # print error to STDERR\n    echo \"error: The sandbox is not in sync with the Podfile.lock. Run 'pod install' or update your CocoaPods installation.\" >&2\n    exit 1\nfi\n# This output is used by Xcode 'outputs' to avoid re-running this script phase.\necho \"SUCCESS\" > \"${SCRIPT_OUTPUT_FILE_0}\"\n";
			showEnvVarsInLog = 0;
		};
/* End PBXShellScriptBuildPhase section */

/* Begin PBXSourcesBuildPhase section */
		607FACCC1AFB9204008FA782 /* Sources */ = {
			isa = PBXSourcesBuildPhase;
			buildActionMask = 2147483647;
			files = (
				88F30FA61DF7548A00B92043 /* AppDelegate.swift in Sources */,
				EE379E0320BEF66600E1422E /* StartViewController.swift in Sources */,
				EE379DF420BEC0B200E1422E /* ExampleSignUpCheckDataStepC.swift in Sources */,
				EE379DF620BEC41C00E1422E /* UIAlertControllerShortcuts.swift in Sources */,
				EE379DBE20BEBE6400E1422E /* SignUpEmailSVC.swift in Sources */,
				EE379DC420BEBEA800E1422E /* SignUpCodeSVC.swift in Sources */,
				EE379DFC20BEE3E900E1422E /* FinishViewController.swift in Sources */,
				EE379DF220BEC0AE00E1422E /* SignUpCheckDataStepVC.swift in Sources */,
				EE379E0120BEF59500E1422E /* ExampleSignUpDelegate.swift in Sources */,
				EE379DFA20BEDBB500E1422E /* SignUpNavController.swift in Sources */,
				EE379DF020BEC05500E1422E /* JLProgressView.swift in Sources */,
				EE379DEC20BEBFDF00E1422E /* SignUpPasswordSVC.swift in Sources */,
				EE379DF820BEC83300E1422E /* LocalNotification.swift in Sources */,
				EE379DED20BEBFDF00E1422E /* SignUpPhoneNumberSVC.swift in Sources */,
				EE379E0520BF0D8400E1422E /* FirstStepSVC.swift in Sources */,
			);
			runOnlyForDeploymentPostprocessing = 0;
		};
		607FACE11AFB9204008FA782 /* Sources */ = {
			isa = PBXSourcesBuildPhase;
			buildActionMask = 2147483647;
			files = (
				607FACEC1AFB9204008FA782 /* Tests.swift in Sources */,
			);
			runOnlyForDeploymentPostprocessing = 0;
		};
/* End PBXSourcesBuildPhase section */

/* Begin PBXTargetDependency section */
		607FACE71AFB9204008FA782 /* PBXTargetDependency */ = {
			isa = PBXTargetDependency;
			target = 607FACCF1AFB9204008FA782 /* NuSignUp_Example */;
			targetProxy = 607FACE61AFB9204008FA782 /* PBXContainerItemProxy */;
		};
/* End PBXTargetDependency section */

/* Begin PBXVariantGroup section */
		607FACDE1AFB9204008FA782 /* LaunchScreen.xib */ = {
			isa = PBXVariantGroup;
			children = (
				607FACDF1AFB9204008FA782 /* Base */,
			);
			name = LaunchScreen.xib;
			sourceTree = "<group>";
		};
/* End PBXVariantGroup section */

/* Begin XCBuildConfiguration section */
		607FACED1AFB9204008FA782 /* Debug */ = {
			isa = XCBuildConfiguration;
			buildSettings = {
				ALWAYS_SEARCH_USER_PATHS = NO;
				CLANG_CXX_LANGUAGE_STANDARD = "gnu++0x";
				CLANG_CXX_LIBRARY = "libc++";
				CLANG_ENABLE_MODULES = YES;
				CLANG_ENABLE_OBJC_ARC = YES;
				CLANG_WARN_BLOCK_CAPTURE_AUTORELEASING = YES;
				CLANG_WARN_BOOL_CONVERSION = YES;
				CLANG_WARN_COMMA = YES;
				CLANG_WARN_CONSTANT_CONVERSION = YES;
				CLANG_WARN_DEPRECATED_OBJC_IMPLEMENTATIONS = YES;
				CLANG_WARN_DIRECT_OBJC_ISA_USAGE = YES_ERROR;
				CLANG_WARN_EMPTY_BODY = YES;
				CLANG_WARN_ENUM_CONVERSION = YES;
				CLANG_WARN_INFINITE_RECURSION = YES;
				CLANG_WARN_INT_CONVERSION = YES;
				CLANG_WARN_NON_LITERAL_NULL_CONVERSION = YES;
				CLANG_WARN_OBJC_IMPLICIT_RETAIN_SELF = YES;
				CLANG_WARN_OBJC_LITERAL_CONVERSION = YES;
				CLANG_WARN_OBJC_ROOT_CLASS = YES_ERROR;
				CLANG_WARN_RANGE_LOOP_ANALYSIS = YES;
				CLANG_WARN_STRICT_PROTOTYPES = YES;
				CLANG_WARN_SUSPICIOUS_MOVE = YES;
				CLANG_WARN_UNREACHABLE_CODE = YES;
				CLANG_WARN__DUPLICATE_METHOD_MATCH = YES;
				"CODE_SIGN_IDENTITY[sdk=iphoneos*]" = "iPhone Developer";
				COPY_PHASE_STRIP = NO;
				DEBUG_INFORMATION_FORMAT = "dwarf-with-dsym";
				ENABLE_STRICT_OBJC_MSGSEND = YES;
				ENABLE_TESTABILITY = YES;
				GCC_C_LANGUAGE_STANDARD = gnu99;
				GCC_DYNAMIC_NO_PIC = NO;
				GCC_NO_COMMON_BLOCKS = YES;
				GCC_OPTIMIZATION_LEVEL = 0;
				GCC_PREPROCESSOR_DEFINITIONS = (
					"DEBUG=1",
					"$(inherited)",
				);
				GCC_SYMBOLS_PRIVATE_EXTERN = NO;
				GCC_WARN_64_TO_32_BIT_CONVERSION = YES;
				GCC_WARN_ABOUT_RETURN_TYPE = YES_ERROR;
				GCC_WARN_UNDECLARED_SELECTOR = YES;
				GCC_WARN_UNINITIALIZED_AUTOS = YES_AGGRESSIVE;
				GCC_WARN_UNUSED_FUNCTION = YES;
				GCC_WARN_UNUSED_VARIABLE = YES;
				IPHONEOS_DEPLOYMENT_TARGET = 10.0;
				MTL_ENABLE_DEBUG_INFO = YES;
				ONLY_ACTIVE_ARCH = YES;
				SDKROOT = iphoneos;
				SWIFT_OPTIMIZATION_LEVEL = "-Onone";
			};
			name = Debug;
		};
		607FACEE1AFB9204008FA782 /* Release */ = {
			isa = XCBuildConfiguration;
			buildSettings = {
				ALWAYS_SEARCH_USER_PATHS = NO;
				CLANG_CXX_LANGUAGE_STANDARD = "gnu++0x";
				CLANG_CXX_LIBRARY = "libc++";
				CLANG_ENABLE_MODULES = YES;
				CLANG_ENABLE_OBJC_ARC = YES;
				CLANG_WARN_BLOCK_CAPTURE_AUTORELEASING = YES;
				CLANG_WARN_BOOL_CONVERSION = YES;
				CLANG_WARN_COMMA = YES;
				CLANG_WARN_CONSTANT_CONVERSION = YES;
				CLANG_WARN_DEPRECATED_OBJC_IMPLEMENTATIONS = YES;
				CLANG_WARN_DIRECT_OBJC_ISA_USAGE = YES_ERROR;
				CLANG_WARN_EMPTY_BODY = YES;
				CLANG_WARN_ENUM_CONVERSION = YES;
				CLANG_WARN_INFINITE_RECURSION = YES;
				CLANG_WARN_INT_CONVERSION = YES;
				CLANG_WARN_NON_LITERAL_NULL_CONVERSION = YES;
				CLANG_WARN_OBJC_IMPLICIT_RETAIN_SELF = YES;
				CLANG_WARN_OBJC_LITERAL_CONVERSION = YES;
				CLANG_WARN_OBJC_ROOT_CLASS = YES_ERROR;
				CLANG_WARN_RANGE_LOOP_ANALYSIS = YES;
				CLANG_WARN_STRICT_PROTOTYPES = YES;
				CLANG_WARN_SUSPICIOUS_MOVE = YES;
				CLANG_WARN_UNREACHABLE_CODE = YES;
				CLANG_WARN__DUPLICATE_METHOD_MATCH = YES;
				"CODE_SIGN_IDENTITY[sdk=iphoneos*]" = "iPhone Developer";
				COPY_PHASE_STRIP = NO;
				DEBUG_INFORMATION_FORMAT = "dwarf-with-dsym";
				ENABLE_NS_ASSERTIONS = NO;
				ENABLE_STRICT_OBJC_MSGSEND = YES;
				GCC_C_LANGUAGE_STANDARD = gnu99;
				GCC_NO_COMMON_BLOCKS = YES;
				GCC_WARN_64_TO_32_BIT_CONVERSION = YES;
				GCC_WARN_ABOUT_RETURN_TYPE = YES_ERROR;
				GCC_WARN_UNDECLARED_SELECTOR = YES;
				GCC_WARN_UNINITIALIZED_AUTOS = YES_AGGRESSIVE;
				GCC_WARN_UNUSED_FUNCTION = YES;
				GCC_WARN_UNUSED_VARIABLE = YES;
				IPHONEOS_DEPLOYMENT_TARGET = 10.0;
				MTL_ENABLE_DEBUG_INFO = NO;
				SDKROOT = iphoneos;
				SWIFT_OPTIMIZATION_LEVEL = "-Owholemodule";
				VALIDATE_PRODUCT = YES;
			};
			name = Release;
		};
		607FACF01AFB9204008FA782 /* Debug */ = {
			isa = XCBuildConfiguration;
			baseConfigurationReference = 190363530CA2F033AF1FB797 /* Pods-NuSignUp_Example.debug.xcconfig */;
			buildSettings = {
				ALWAYS_EMBED_SWIFT_STANDARD_LIBRARIES = YES;
				ASSETCATALOG_COMPILER_APPICON_NAME = AppIcon;
				CLANG_ENABLE_MODULES = YES;
				DEVELOPMENT_TEAM = 6P538QSTTR;
				INFOPLIST_FILE = NuSignUp/Info.plist;
				IPHONEOS_DEPLOYMENT_TARGET = 10.0;
				LD_RUNPATH_SEARCH_PATHS = "$(inherited) @executable_path/Frameworks";
				MODULE_NAME = ExampleApp;
				PRODUCT_BUNDLE_IDENTIFIER = "org.cocoapods.demo.$(PRODUCT_NAME:rfc1034identifier)";
				PRODUCT_NAME = "$(TARGET_NAME)";
				SWIFT_OPTIMIZATION_LEVEL = "-Onone";
				SWIFT_SWIFT3_OBJC_INFERENCE = Default;
				SWIFT_VERSION = 4.0;
			};
			name = Debug;
		};
		607FACF11AFB9204008FA782 /* Release */ = {
			isa = XCBuildConfiguration;
			baseConfigurationReference = A68F6441789F00DCDBE4D01E /* Pods-NuSignUp_Example.release.xcconfig */;
			buildSettings = {
				ALWAYS_EMBED_SWIFT_STANDARD_LIBRARIES = YES;
				ASSETCATALOG_COMPILER_APPICON_NAME = AppIcon;
				CLANG_ENABLE_MODULES = YES;
				DEVELOPMENT_TEAM = 6P538QSTTR;
				INFOPLIST_FILE = NuSignUp/Info.plist;
				IPHONEOS_DEPLOYMENT_TARGET = 10.0;
				LD_RUNPATH_SEARCH_PATHS = "$(inherited) @executable_path/Frameworks";
				MODULE_NAME = ExampleApp;
				PRODUCT_BUNDLE_IDENTIFIER = "org.cocoapods.demo.$(PRODUCT_NAME:rfc1034identifier)";
				PRODUCT_NAME = "$(TARGET_NAME)";
				SWIFT_SWIFT3_OBJC_INFERENCE = Default;
				SWIFT_VERSION = 4.0;
			};
			name = Release;
		};
		607FACF31AFB9204008FA782 /* Debug */ = {
			isa = XCBuildConfiguration;
			baseConfigurationReference = BAA762EAF151084249000722 /* Pods-NuSignUp_Tests.debug.xcconfig */;
			buildSettings = {
				ALWAYS_EMBED_SWIFT_STANDARD_LIBRARIES = YES;
				DEVELOPMENT_TEAM = 6P538QSTTR;
				FRAMEWORK_SEARCH_PATHS = (
					"$(SDKROOT)/Developer/Library/Frameworks",
					"$(inherited)",
				);
				GCC_PREPROCESSOR_DEFINITIONS = (
					"DEBUG=1",
					"$(inherited)",
				);
				INFOPLIST_FILE = Tests/Info.plist;
				LD_RUNPATH_SEARCH_PATHS = "$(inherited) @executable_path/Frameworks @loader_path/Frameworks";
				PRODUCT_BUNDLE_IDENTIFIER = "org.cocoapods.$(PRODUCT_NAME:rfc1034identifier)";
				PRODUCT_NAME = "$(TARGET_NAME)";
				SWIFT_SWIFT3_OBJC_INFERENCE = Default;
				SWIFT_VERSION = 4.0;
			};
			name = Debug;
		};
		607FACF41AFB9204008FA782 /* Release */ = {
			isa = XCBuildConfiguration;
			baseConfigurationReference = A17B4F5CBF510EED323735F0 /* Pods-NuSignUp_Tests.release.xcconfig */;
			buildSettings = {
				ALWAYS_EMBED_SWIFT_STANDARD_LIBRARIES = YES;
				DEVELOPMENT_TEAM = 6P538QSTTR;
				FRAMEWORK_SEARCH_PATHS = (
					"$(SDKROOT)/Developer/Library/Frameworks",
					"$(inherited)",
				);
				INFOPLIST_FILE = Tests/Info.plist;
				LD_RUNPATH_SEARCH_PATHS = "$(inherited) @executable_path/Frameworks @loader_path/Frameworks";
				PRODUCT_BUNDLE_IDENTIFIER = "org.cocoapods.$(PRODUCT_NAME:rfc1034identifier)";
				PRODUCT_NAME = "$(TARGET_NAME)";
				SWIFT_SWIFT3_OBJC_INFERENCE = Default;
				SWIFT_VERSION = 4.0;
			};
			name = Release;
		};
/* End XCBuildConfiguration section */

/* Begin XCConfigurationList section */
		607FACCB1AFB9204008FA782 /* Build configuration list for PBXProject "NuSignUp" */ = {
			isa = XCConfigurationList;
			buildConfigurations = (
				607FACED1AFB9204008FA782 /* Debug */,
				607FACEE1AFB9204008FA782 /* Release */,
			);
			defaultConfigurationIsVisible = 0;
			defaultConfigurationName = Release;
		};
		607FACEF1AFB9204008FA782 /* Build configuration list for PBXNativeTarget "NuSignUp_Example" */ = {
			isa = XCConfigurationList;
			buildConfigurations = (
				607FACF01AFB9204008FA782 /* Debug */,
				607FACF11AFB9204008FA782 /* Release */,
			);
			defaultConfigurationIsVisible = 0;
			defaultConfigurationName = Release;
		};
		607FACF21AFB9204008FA782 /* Build configuration list for PBXNativeTarget "NuSignUp_Tests" */ = {
			isa = XCConfigurationList;
			buildConfigurations = (
				607FACF31AFB9204008FA782 /* Debug */,
				607FACF41AFB9204008FA782 /* Release */,
			);
			defaultConfigurationIsVisible = 0;
			defaultConfigurationName = Release;
		};
/* End XCConfigurationList section */
	};
	rootObject = 607FACC81AFB9204008FA782 /* Project object */;
}
